// !$*UTF8*$!
{
	archiveVersion = 1;
	classes = {
	};
	objectVersion = 50;
	objects = {

/* Begin PBXBuildFile section */
		73D185A026407110002CCB64 /* misc.swift in Sources */ = {isa = PBXBuildFile; fileRef = 73D1859F26407110002CCB64 /* misc.swift */; };
		73D185A22640714F002CCB64 /* EventDetail.swift in Sources */ = {isa = PBXBuildFile; fileRef = 73D185A12640714F002CCB64 /* EventDetail.swift */; };
		73D185A426407368002CCB64 /* COVER.png in Resources */ = {isa = PBXBuildFile; fileRef = 73D185A326407368002CCB64 /* COVER.png */; };
		854BB6CC263EE9EB007E4813 /* ExploreEvents.swift in Sources */ = {isa = PBXBuildFile; fileRef = 854BB6CB263EE9EB007E4813 /* ExploreEvents.swift */; };
		854BB6D0263F491C007E4813 /* Event.swift in Sources */ = {isa = PBXBuildFile; fileRef = 854BB6CF263F491C007E4813 /* Event.swift */; };
		854BB6D3263F4D2D007E4813 /* festa-front.jpg in Resources */ = {isa = PBXBuildFile; fileRef = 854BB6D2263F4D2D007E4813 /* festa-front.jpg */; };
		854BB6D5263F4D6E007E4813 /* festa-estrelas.jpg in Resources */ = {isa = PBXBuildFile; fileRef = 854BB6D4263F4D6E007E4813 /* festa-estrelas.jpg */; };
		854BB6D7263F4DA2007E4813 /* festa-das-cores.jpg in Resources */ = {isa = PBXBuildFile; fileRef = 854BB6D6263F4DA2007E4813 /* festa-das-cores.jpg */; };
		854BB6D9263F4DCA007E4813 /* festa-kaus.jpg in Resources */ = {isa = PBXBuildFile; fileRef = 854BB6D8263F4DCA007E4813 /* festa-kaus.jpg */; };
		CAB193C3263ADFBE00E27B22 /* laFiestaApp.swift in Sources */ = {isa = PBXBuildFile; fileRef = CAB193C2263ADFBE00E27B22 /* laFiestaApp.swift */; };
		CAB193C5263ADFBE00E27B22 /* Home.swift in Sources */ = {isa = PBXBuildFile; fileRef = CAB193C4263ADFBE00E27B22 /* Home.swift */; };
		CAB193C7263ADFBF00E27B22 /* Assets.xcassets in Resources */ = {isa = PBXBuildFile; fileRef = CAB193C6263ADFBF00E27B22 /* Assets.xcassets */; };
		CAB193CA263ADFBF00E27B22 /* Preview Assets.xcassets in Resources */ = {isa = PBXBuildFile; fileRef = CAB193C9263ADFBF00E27B22 /* Preview Assets.xcassets */; };
/* End PBXBuildFile section */

/* Begin PBXFileReference section */
		73D1859F26407110002CCB64 /* misc.swift */ = {isa = PBXFileReference; lastKnownFileType = sourcecode.swift; path = misc.swift; sourceTree = "<group>"; };
		73D185A12640714F002CCB64 /* EventDetail.swift */ = {isa = PBXFileReference; lastKnownFileType = sourcecode.swift; path = EventDetail.swift; sourceTree = "<group>"; };
		73D185A326407368002CCB64 /* COVER.png */ = {isa = PBXFileReference; lastKnownFileType = image.png; name = COVER.png; path = ../../../../../Downloads/COVER.png; sourceTree = "<group>"; };
		854BB6CB263EE9EB007E4813 /* ExploreEvents.swift */ = {isa = PBXFileReference; lastKnownFileType = sourcecode.swift; path = ExploreEvents.swift; sourceTree = "<group>"; };
		854BB6CF263F491C007E4813 /* Event.swift */ = {isa = PBXFileReference; lastKnownFileType = sourcecode.swift; path = Event.swift; sourceTree = "<group>"; };
		854BB6D2263F4D2D007E4813 /* festa-front.jpg */ = {isa = PBXFileReference; lastKnownFileType = image.jpeg; path = "festa-front.jpg"; sourceTree = "<group>"; };
		854BB6D4263F4D6E007E4813 /* festa-estrelas.jpg */ = {isa = PBXFileReference; lastKnownFileType = image.jpeg; path = "festa-estrelas.jpg"; sourceTree = "<group>"; };
		854BB6D6263F4DA2007E4813 /* festa-das-cores.jpg */ = {isa = PBXFileReference; lastKnownFileType = image.jpeg; path = "festa-das-cores.jpg"; sourceTree = "<group>"; };
		854BB6D8263F4DCA007E4813 /* festa-kaus.jpg */ = {isa = PBXFileReference; lastKnownFileType = image.jpeg; path = "festa-kaus.jpg"; sourceTree = "<group>"; };
		CAB193BF263ADFBE00E27B22 /* laFiesta.app */ = {isa = PBXFileReference; explicitFileType = wrapper.application; includeInIndex = 0; path = laFiesta.app; sourceTree = BUILT_PRODUCTS_DIR; };
		CAB193C2263ADFBE00E27B22 /* laFiestaApp.swift */ = {isa = PBXFileReference; lastKnownFileType = sourcecode.swift; path = laFiestaApp.swift; sourceTree = "<group>"; };
		CAB193C4263ADFBE00E27B22 /* Home.swift */ = {isa = PBXFileReference; lastKnownFileType = sourcecode.swift; path = Home.swift; sourceTree = "<group>"; };
		CAB193C6263ADFBF00E27B22 /* Assets.xcassets */ = {isa = PBXFileReference; lastKnownFileType = folder.assetcatalog; path = Assets.xcassets; sourceTree = "<group>"; };
		CAB193C9263ADFBF00E27B22 /* Preview Assets.xcassets */ = {isa = PBXFileReference; lastKnownFileType = folder.assetcatalog; path = "Preview Assets.xcassets"; sourceTree = "<group>"; };
		CAB193CB263ADFBF00E27B22 /* Info.plist */ = {isa = PBXFileReference; lastKnownFileType = text.plist.xml; path = Info.plist; sourceTree = "<group>"; };
		CAB193D2263AE07E00E27B22 /* README.md */ = {isa = PBXFileReference; lastKnownFileType = net.daringfireball.markdown; path = README.md; sourceTree = "<group>"; };
/* End PBXFileReference section */

/* Begin PBXFrameworksBuildPhase section */
		CAB193BC263ADFBE00E27B22 /* Frameworks */ = {
			isa = PBXFrameworksBuildPhase;
			buildActionMask = 2147483647;
			files = (
			);
			runOnlyForDeploymentPostprocessing = 0;
		};
/* End PBXFrameworksBuildPhase section */

/* Begin PBXGroup section */
		854BB6CD263F48D5007E4813 /* Models */ = {
			isa = PBXGroup;
			children = (
				854BB6CF263F491C007E4813 /* Event.swift */,
			);
			path = Models;
			sourceTree = "<group>";
		};
		854BB6CE263F48EA007E4813 /* Views */ = {
			isa = PBXGroup;
			children = (
				854BB6CB263EE9EB007E4813 /* ExploreEvents.swift */,
				CAB193C4263ADFBE00E27B22 /* Home.swift */,
				CAB193C2263ADFBE00E27B22 /* laFiestaApp.swift */,
				73D185A12640714F002CCB64 /* EventDetail.swift */,
			);
			path = Views;
			sourceTree = "<group>";
		};
		854BB6D1263F4AF7007E4813 /* Images */ = {
			isa = PBXGroup;
			children = (
				73D185A326407368002CCB64 /* COVER.png */,
				854BB6D2263F4D2D007E4813 /* festa-front.jpg */,
				854BB6D8263F4DCA007E4813 /* festa-kaus.jpg */,
				854BB6D6263F4DA2007E4813 /* festa-das-cores.jpg */,
				854BB6D4263F4D6E007E4813 /* festa-estrelas.jpg */,
			);
			path = Images;
			sourceTree = "<group>";
		};
		CAB193B6263ADFBE00E27B22 = {
			isa = PBXGroup;
			children = (
				CAB193D2263AE07E00E27B22 /* README.md */,
				CAB193C1263ADFBE00E27B22 /* laFiesta */,
				CAB193C0263ADFBE00E27B22 /* Products */,
			);
			sourceTree = "<group>";
		};
		CAB193C0263ADFBE00E27B22 /* Products */ = {
			isa = PBXGroup;
			children = (
				CAB193BF263ADFBE00E27B22 /* laFiesta.app */,
			);
			name = Products;
			sourceTree = "<group>";
		};
		CAB193C1263ADFBE00E27B22 /* laFiesta */ = {
			isa = PBXGroup;
			children = (
				73D1859F26407110002CCB64 /* misc.swift */,
				854BB6D1263F4AF7007E4813 /* Images */,
				854BB6CD263F48D5007E4813 /* Models */,
				854BB6CE263F48EA007E4813 /* Views */,
				CAB193C6263ADFBF00E27B22 /* Assets.xcassets */,
				CAB193CB263ADFBF00E27B22 /* Info.plist */,
				CAB193C8263ADFBF00E27B22 /* Preview Content */,
			);
			path = laFiesta;
			sourceTree = "<group>";
		};
		CAB193C8263ADFBF00E27B22 /* Preview Content */ = {
			isa = PBXGroup;
			children = (
				CAB193C9263ADFBF00E27B22 /* Preview Assets.xcassets */,
			);
			path = "Preview Content";
			sourceTree = "<group>";
		};
/* End PBXGroup section */

/* Begin PBXNativeTarget section */
		CAB193BE263ADFBE00E27B22 /* laFiesta */ = {
			isa = PBXNativeTarget;
			buildConfigurationList = CAB193CE263ADFBF00E27B22 /* Build configuration list for PBXNativeTarget "laFiesta" */;
			buildPhases = (
				CAB193BB263ADFBE00E27B22 /* Sources */,
				CAB193BC263ADFBE00E27B22 /* Frameworks */,
				CAB193BD263ADFBE00E27B22 /* Resources */,
			);
			buildRules = (
			);
			dependencies = (
			);
			name = laFiesta;
			productName = laFiesta;
			productReference = CAB193BF263ADFBE00E27B22 /* laFiesta.app */;
			productType = "com.apple.product-type.application";
		};
/* End PBXNativeTarget section */

/* Begin PBXProject section */
		CAB193B7263ADFBE00E27B22 /* Project object */ = {
			isa = PBXProject;
			attributes = {
				LastSwiftUpdateCheck = 1240;
				LastUpgradeCheck = 1240;
				TargetAttributes = {
					CAB193BE263ADFBE00E27B22 = {
						CreatedOnToolsVersion = 12.4;
					};
				};
			};
			buildConfigurationList = CAB193BA263ADFBE00E27B22 /* Build configuration list for PBXProject "laFiesta" */;
			compatibilityVersion = "Xcode 9.3";
			developmentRegion = en;
			hasScannedForEncodings = 0;
			knownRegions = (
				en,
				Base,
			);
			mainGroup = CAB193B6263ADFBE00E27B22;
			productRefGroup = CAB193C0263ADFBE00E27B22 /* Products */;
			projectDirPath = "";
			projectRoot = "";
			targets = (
				CAB193BE263ADFBE00E27B22 /* laFiesta */,
			);
		};
/* End PBXProject section */

/* Begin PBXResourcesBuildPhase section */
		CAB193BD263ADFBE00E27B22 /* Resources */ = {
			isa = PBXResourcesBuildPhase;
			buildActionMask = 2147483647;
			files = (
				854BB6D5263F4D6E007E4813 /* festa-estrelas.jpg in Resources */,
				854BB6D7263F4DA2007E4813 /* festa-das-cores.jpg in Resources */,
				CAB193CA263ADFBF00E27B22 /* Preview Assets.xcassets in Resources */,
				73D185A426407368002CCB64 /* COVER.png in Resources */,
				854BB6D9263F4DCA007E4813 /* festa-kaus.jpg in Resources */,
				CAB193C7263ADFBF00E27B22 /* Assets.xcassets in Resources */,
				854BB6D3263F4D2D007E4813 /* festa-front.jpg in Resources */,
			);
			runOnlyForDeploymentPostprocessing = 0;
		};
/* End PBXResourcesBuildPhase section */

/* Begin PBXSourcesBuildPhase section */
		CAB193BB263ADFBE00E27B22 /* Sources */ = {
			isa = PBXSourcesBuildPhase;
			buildActionMask = 2147483647;
			files = (
				73D185A026407110002CCB64 /* misc.swift in Sources */,
				854BB6D0263F491C007E4813 /* Event.swift in Sources */,
				CAB193C5263ADFBE00E27B22 /* Home.swift in Sources */,
				854BB6CC263EE9EB007E4813 /* ExploreEvents.swift in Sources */,
				CAB193C3263ADFBE00E27B22 /* laFiestaApp.swift in Sources */,
				73D185A22640714F002CCB64 /* EventDetail.swift in Sources */,
			);
			runOnlyForDeploymentPostprocessing = 0;
		};
/* End PBXSourcesBuildPhase section */

/* Begin XCBuildConfiguration section */
		CAB193CC263ADFBF00E27B22 /* Debug */ = {
			isa = XCBuildConfiguration;
			buildSettings = {
				ALWAYS_SEARCH_USER_PATHS = NO;
				CLANG_ANALYZER_NONNULL = YES;
				CLANG_ANALYZER_NUMBER_OBJECT_CONVERSION = YES_AGGRESSIVE;
				CLANG_CXX_LANGUAGE_STANDARD = "gnu++14";
				CLANG_CXX_LIBRARY = "libc++";
				CLANG_ENABLE_MODULES = YES;
				CLANG_ENABLE_OBJC_ARC = YES;
				CLANG_ENABLE_OBJC_WEAK = YES;
				CLANG_WARN_BLOCK_CAPTURE_AUTORELEASING = YES;
				CLANG_WARN_BOOL_CONVERSION = YES;
				CLANG_WARN_COMMA = YES;
				CLANG_WARN_CONSTANT_CONVERSION = YES;
				CLANG_WARN_DEPRECATED_OBJC_IMPLEMENTATIONS = YES;
				CLANG_WARN_DIRECT_OBJC_ISA_USAGE = YES_ERROR;
				CLANG_WARN_DOCUMENTATION_COMMENTS = YES;
				CLANG_WARN_EMPTY_BODY = YES;
				CLANG_WARN_ENUM_CONVERSION = YES;
				CLANG_WARN_INFINITE_RECURSION = YES;
				CLANG_WARN_INT_CONVERSION = YES;
				CLANG_WARN_NON_LITERAL_NULL_CONVERSION = YES;
				CLANG_WARN_OBJC_IMPLICIT_RETAIN_SELF = YES;
				CLANG_WARN_OBJC_LITERAL_CONVERSION = YES;
				CLANG_WARN_OBJC_ROOT_CLASS = YES_ERROR;
				CLANG_WARN_QUOTED_INCLUDE_IN_FRAMEWORK_HEADER = YES;
				CLANG_WARN_RANGE_LOOP_ANALYSIS = YES;
				CLANG_WARN_STRICT_PROTOTYPES = YES;
				CLANG_WARN_SUSPICIOUS_MOVE = YES;
				CLANG_WARN_UNGUARDED_AVAILABILITY = YES_AGGRESSIVE;
				CLANG_WARN_UNREACHABLE_CODE = YES;
				CLANG_WARN__DUPLICATE_METHOD_MATCH = YES;
				COPY_PHASE_STRIP = NO;
				DEBUG_INFORMATION_FORMAT = dwarf;
				ENABLE_STRICT_OBJC_MSGSEND = YES;
				ENABLE_TESTABILITY = YES;
				GCC_C_LANGUAGE_STANDARD = gnu11;
				GCC_DYNAMIC_NO_PIC = NO;
				GCC_NO_COMMON_BLOCKS = YES;
				GCC_OPTIMIZATION_LEVEL = 0;
				GCC_PREPROCESSOR_DEFINITIONS = (
					"DEBUG=1",
					"$(inherited)",
				);
				GCC_WARN_64_TO_32_BIT_CONVERSION = YES;
				GCC_WARN_ABOUT_RETURN_TYPE = YES_ERROR;
				GCC_WARN_UNDECLARED_SELECTOR = YES;
				GCC_WARN_UNINITIALIZED_AUTOS = YES_AGGRESSIVE;
				GCC_WARN_UNUSED_FUNCTION = YES;
				GCC_WARN_UNUSED_VARIABLE = YES;
				IPHONEOS_DEPLOYMENT_TARGET = 14.4;
				MTL_ENABLE_DEBUG_INFO = INCLUDE_SOURCE;
				MTL_FAST_MATH = YES;
				ONLY_ACTIVE_ARCH = YES;
				SDKROOT = iphoneos;
				SWIFT_ACTIVE_COMPILATION_CONDITIONS = DEBUG;
				SWIFT_OPTIMIZATION_LEVEL = "-Onone";
			};
			name = Debug;
		};
		CAB193CD263ADFBF00E27B22 /* Release */ = {
			isa = XCBuildConfiguration;
			buildSettings = {
				ALWAYS_SEARCH_USER_PATHS = NO;
				CLANG_ANALYZER_NONNULL = YES;
				CLANG_ANALYZER_NUMBER_OBJECT_CONVERSION = YES_AGGRESSIVE;
				CLANG_CXX_LANGUAGE_STANDARD = "gnu++14";
				CLANG_CXX_LIBRARY = "libc++";
				CLANG_ENABLE_MODULES = YES;
				CLANG_ENABLE_OBJC_ARC = YES;
				CLANG_ENABLE_OBJC_WEAK = YES;
				CLANG_WARN_BLOCK_CAPTURE_AUTORELEASING = YES;
				CLANG_WARN_BOOL_CONVERSION = YES;
				CLANG_WARN_COMMA = YES;
				CLANG_WARN_CONSTANT_CONVERSION = YES;
				CLANG_WARN_DEPRECATED_OBJC_IMPLEMENTATIONS = YES;
				CLANG_WARN_DIRECT_OBJC_ISA_USAGE = YES_ERROR;
				CLANG_WARN_DOCUMENTATION_COMMENTS = YES;
				CLANG_WARN_EMPTY_BODY = YES;
				CLANG_WARN_ENUM_CONVERSION = YES;
				CLANG_WARN_INFINITE_RECURSION = YES;
				CLANG_WARN_INT_CONVERSION = YES;
				CLANG_WARN_NON_LITERAL_NULL_CONVERSION = YES;
				CLANG_WARN_OBJC_IMPLICIT_RETAIN_SELF = YES;
				CLANG_WARN_OBJC_LITERAL_CONVERSION = YES;
				CLANG_WARN_OBJC_ROOT_CLASS = YES_ERROR;
				CLANG_WARN_QUOTED_INCLUDE_IN_FRAMEWORK_HEADER = YES;
				CLANG_WARN_RANGE_LOOP_ANALYSIS = YES;
				CLANG_WARN_STRICT_PROTOTYPES = YES;
				CLANG_WARN_SUSPICIOUS_MOVE = YES;
				CLANG_WARN_UNGUARDED_AVAILABILITY = YES_AGGRESSIVE;
				CLANG_WARN_UNREACHABLE_CODE = YES;
				CLANG_WARN__DUPLICATE_METHOD_MATCH = YES;
				COPY_PHASE_STRIP = NO;
				DEBUG_INFORMATION_FORMAT = "dwarf-with-dsym";
				ENABLE_NS_ASSERTIONS = NO;
				ENABLE_STRICT_OBJC_MSGSEND = YES;
				GCC_C_LANGUAGE_STANDARD = gnu11;
				GCC_NO_COMMON_BLOCKS = YES;
				GCC_WARN_64_TO_32_BIT_CONVERSION = YES;
				GCC_WARN_ABOUT_RETURN_TYPE = YES_ERROR;
				GCC_WARN_UNDECLARED_SELECTOR = YES;
				GCC_WARN_UNINITIALIZED_AUTOS = YES_AGGRESSIVE;
				GCC_WARN_UNUSED_FUNCTION = YES;
				GCC_WARN_UNUSED_VARIABLE = YES;
				IPHONEOS_DEPLOYMENT_TARGET = 14.4;
				MTL_ENABLE_DEBUG_INFO = NO;
				MTL_FAST_MATH = YES;
				SDKROOT = iphoneos;
				SWIFT_COMPILATION_MODE = wholemodule;
				SWIFT_OPTIMIZATION_LEVEL = "-O";
				VALIDATE_PRODUCT = YES;
			};
			name = Release;
		};
		CAB193CF263ADFBF00E27B22 /* Debug */ = {
			isa = XCBuildConfiguration;
			buildSettings = {
				ASSETCATALOG_COMPILER_APPICON_NAME = AppIcon;
				ASSETCATALOG_COMPILER_GLOBAL_ACCENT_COLOR_NAME = AccentColor;
				CODE_SIGN_STYLE = Automatic;
				DEVELOPMENT_ASSET_PATHS = "\"laFiesta/Preview Content\"";
				DEVELOPMENT_TEAM = DQT3MVFV5P;
				ENABLE_PREVIEWS = YES;
				INFOPLIST_FILE = laFiesta/Info.plist;
				IPHONEOS_DEPLOYMENT_TARGET = 14.0;
				LD_RUNPATH_SEARCH_PATHS = (
					"$(inherited)",
					"@executable_path/Frameworks",
				);
				PRODUCT_BUNDLE_IDENTIFIER = AppleDevelop.laFiesta;
				PRODUCT_NAME = "$(TARGET_NAME)";
				SWIFT_VERSION = 5.0;
				TARGETED_DEVICE_FAMILY = "1,2";
			};
			name = Debug;
		};
		CAB193D0263ADFBF00E27B22 /* Release */ = {
			isa = XCBuildConfiguration;
			buildSettings = {
				ASSETCATALOG_COMPILER_APPICON_NAME = AppIcon;
				ASSETCATALOG_COMPILER_GLOBAL_ACCENT_COLOR_NAME = AccentColor;
				CODE_SIGN_STYLE = Automatic;
				DEVELOPMENT_ASSET_PATHS = "\"laFiesta/Preview Content\"";
				DEVELOPMENT_TEAM = DQT3MVFV5P;
				ENABLE_PREVIEWS = YES;
				INFOPLIST_FILE = laFiesta/Info.plist;
				IPHONEOS_DEPLOYMENT_TARGET = 14.0;
				LD_RUNPATH_SEARCH_PATHS = (
					"$(inherited)",
					"@executable_path/Frameworks",
				);
				PRODUCT_BUNDLE_IDENTIFIER = AppleDevelop.laFiesta;
				PRODUCT_NAME = "$(TARGET_NAME)";
				SWIFT_VERSION = 5.0;
				TARGETED_DEVICE_FAMILY = "1,2";
			};
			name = Release;
		};
/* End XCBuildConfiguration section */

/* Begin XCConfigurationList section */
		CAB193BA263ADFBE00E27B22 /* Build configuration list for PBXProject "laFiesta" */ = {
			isa = XCConfigurationList;
			buildConfigurations = (
				CAB193CC263ADFBF00E27B22 /* Debug */,
				CAB193CD263ADFBF00E27B22 /* Release */,
			);
			defaultConfigurationIsVisible = 0;
			defaultConfigurationName = Release;
		};
		CAB193CE263ADFBF00E27B22 /* Build configuration list for PBXNativeTarget "laFiesta" */ = {
			isa = XCConfigurationList;
			buildConfigurations = (
				CAB193CF263ADFBF00E27B22 /* Debug */,
				CAB193D0263ADFBF00E27B22 /* Release */,
			);
			defaultConfigurationIsVisible = 0;
			defaultConfigurationName = Release;
		};
/* End XCConfigurationList section */
	};
	rootObject = CAB193B7263ADFBE00E27B22 /* Project object */;
}
